// !$*UTF8*$!
{
	archiveVersion = 1;
	classes = {
	};
	objectVersion = 77;
	objects = {

/* Begin PBXBuildFile section */
		DD72D75E2CBA3720008251DF /* Alamofire in Frameworks */ = {isa = PBXBuildFile; productRef = DD72D75D2CBA3720008251DF /* Alamofire */; };
		DD72D7712CBA59E7008251DF /* ZKCompoments in Frameworks */ = {isa = PBXBuildFile; productRef = DD72D7702CBA59E7008251DF /* ZKCompoments */; };
		DD72D7852CBA683C008251DF /* SwiftUIIntrospect in Frameworks */ = {isa = PBXBuildFile; productRef = DD72D7842CBA683C008251DF /* SwiftUIIntrospect */; };
		DD72D7892CBA683C008251DF /* SwiftUIIntrospect-Static in Frameworks */ = {isa = PBXBuildFile; productRef = DD72D7882CBA683C008251DF /* SwiftUIIntrospect-Static */; };
		DD72D78C2CBABA26008251DF /* GoogleGenerativeAI in Frameworks */ = {isa = PBXBuildFile; productRef = DD72D78B2CBABA26008251DF /* GoogleGenerativeAI */; };
/* End PBXBuildFile section */

/* Begin PBXFileReference section */
		DD72D7302CBA26A9008251DF /* MBTITest.app */ = {isa = PBXFileReference; explicitFileType = wrapper.application; includeInIndex = 0; path = MBTITest.app; sourceTree = BUILT_PRODUCTS_DIR; };
/* End PBXFileReference section */

/* Begin PBXFileSystemSynchronizedRootGroup section */
		DD72D7322CBA26A9008251DF /* MBTITest */ = {
			isa = PBXFileSystemSynchronizedRootGroup;
			path = MBTITest;
			sourceTree = "<group>";
		};
/* End PBXFileSystemSynchronizedRootGroup section */

/* Begin PBXFrameworksBuildPhase section */
		DD72D72D2CBA26A9008251DF /* Frameworks */ = {
			isa = PBXFrameworksBuildPhase;
			buildActionMask = 2147483647;
			files = (
				DD72D78C2CBABA26008251DF /* GoogleGenerativeAI in Frameworks */,
				DD72D7852CBA683C008251DF /* SwiftUIIntrospect in Frameworks */,
				DD72D7892CBA683C008251DF /* SwiftUIIntrospect-Static in Frameworks */,
				DD72D7712CBA59E7008251DF /* ZKCompoments in Frameworks */,
				DD72D75E2CBA3720008251DF /* Alamofire in Frameworks */,
			);
			runOnlyForDeploymentPostprocessing = 0;
		};
/* End PBXFrameworksBuildPhase section */

/* Begin PBXGroup section */
		DD72D7272CBA26A9008251DF = {
			isa = PBXGroup;
			children = (
				DD72D7322CBA26A9008251DF /* MBTITest */,
				DD72D7312CBA26A9008251DF /* Products */,
			);
			sourceTree = "<group>";
		};
		DD72D7312CBA26A9008251DF /* Products */ = {
			isa = PBXGroup;
			children = (
				DD72D7302CBA26A9008251DF /* MBTITest.app */,
			);
			name = Products;
			sourceTree = "<group>";
		};
/* End PBXGroup section */

/* Begin PBXNativeTarget section */
		DD72D72F2CBA26A9008251DF /* MBTITest */ = {
			isa = PBXNativeTarget;
			buildConfigurationList = DD72D73E2CBA26AA008251DF /* Build configuration list for PBXNativeTarget "MBTITest" */;
			buildPhases = (
				DD72D72C2CBA26A9008251DF /* Sources */,
				DD72D72D2CBA26A9008251DF /* Frameworks */,
				DD72D72E2CBA26A9008251DF /* Resources */,
			);
			buildRules = (
			);
			dependencies = (
			);
			fileSystemSynchronizedGroups = (
				DD72D7322CBA26A9008251DF /* MBTITest */,
			);
			name = MBTITest;
			packageProductDependencies = (
				DD72D75D2CBA3720008251DF /* Alamofire */,
				DD72D7702CBA59E7008251DF /* ZKCompoments */,
				DD72D7842CBA683C008251DF /* SwiftUIIntrospect */,
				DD72D7882CBA683C008251DF /* SwiftUIIntrospect-Static */,
				DD72D78B2CBABA26008251DF /* GoogleGenerativeAI */,
			);
			productName = MBTITest;
			productReference = DD72D7302CBA26A9008251DF /* MBTITest.app */;
			productType = "com.apple.product-type.application";
		};
/* End PBXNativeTarget section */

/* Begin PBXProject section */
		DD72D7282CBA26A9008251DF /* Project object */ = {
			isa = PBXProject;
			attributes = {
				BuildIndependentTargetsInParallel = 1;
				LastSwiftUpdateCheck = 1600;
				LastUpgradeCheck = 1600;
				TargetAttributes = {
					DD72D72F2CBA26A9008251DF = {
						CreatedOnToolsVersion = 16.0;
					};
				};
			};
			buildConfigurationList = DD72D72B2CBA26A9008251DF /* Build configuration list for PBXProject "MBTITest" */;
			developmentRegion = en;
			hasScannedForEncodings = 0;
			knownRegions = (
				en,
				Base,
			);
			mainGroup = DD72D7272CBA26A9008251DF;
			minimizedProjectReferenceProxies = 1;
			packageReferences = (
				DD72D75C2CBA3720008251DF /* XCRemoteSwiftPackageReference "Alamofire" */,
				DD72D76F2CBA59E7008251DF /* XCRemoteSwiftPackageReference "ZKComponents" */,
				DD72D7832CBA683C008251DF /* XCRemoteSwiftPackageReference "SwiftUIIntrospect" */,
				DD72D78A2CBABA26008251DF /* XCRemoteSwiftPackageReference "generative-ai-swift" */,
			);
			preferredProjectObjectVersion = 77;
			productRefGroup = DD72D7312CBA26A9008251DF /* Products */;
			projectDirPath = "";
			projectRoot = "";
			targets = (
				DD72D72F2CBA26A9008251DF /* MBTITest */,
			);
		};
/* End PBXProject section */

/* Begin PBXResourcesBuildPhase section */
		DD72D72E2CBA26A9008251DF /* Resources */ = {
			isa = PBXResourcesBuildPhase;
			buildActionMask = 2147483647;
			files = (
			);
			runOnlyForDeploymentPostprocessing = 0;
		};
/* End PBXResourcesBuildPhase section */

/* Begin PBXSourcesBuildPhase section */
		DD72D72C2CBA26A9008251DF /* Sources */ = {
			isa = PBXSourcesBuildPhase;
			buildActionMask = 2147483647;
			files = (
			);
			runOnlyForDeploymentPostprocessing = 0;
		};
/* End PBXSourcesBuildPhase section */

/* Begin XCBuildConfiguration section */
		DD72D73C2CBA26AA008251DF /* Debug */ = {
			isa = XCBuildConfiguration;
			buildSettings = {
				ALWAYS_SEARCH_USER_PATHS = NO;
				ASSETCATALOG_COMPILER_GENERATE_SWIFT_ASSET_SYMBOL_EXTENSIONS = YES;
				CLANG_ANALYZER_NONNULL = YES;
				CLANG_ANALYZER_NUMBER_OBJECT_CONVERSION = YES_AGGRESSIVE;
				CLANG_CXX_LANGUAGE_STANDARD = "gnu++20";
				CLANG_ENABLE_MODULES = YES;
				CLANG_ENABLE_OBJC_ARC = YES;
				CLANG_ENABLE_OBJC_WEAK = YES;
				CLANG_WARN_BLOCK_CAPTURE_AUTORELEASING = YES;
				CLANG_WARN_BOOL_CONVERSION = YES;
				CLANG_WARN_COMMA = YES;
				CLANG_WARN_CONSTANT_CONVERSION = YES;
				CLANG_WARN_DEPRECATED_OBJC_IMPLEMENTATIONS = YES;
				CLANG_WARN_DIRECT_OBJC_ISA_USAGE = YES_ERROR;
				CLANG_WARN_DOCUMENTATION_COMMENTS = YES;
				CLANG_WARN_EMPTY_BODY = YES;
				CLANG_WARN_ENUM_CONVERSION = YES;
				CLANG_WARN_INFINITE_RECURSION = YES;
				CLANG_WARN_INT_CONVERSION = YES;
				CLANG_WARN_NON_LITERAL_NULL_CONVERSION = YES;
				CLANG_WARN_OBJC_IMPLICIT_RETAIN_SELF = YES;
				CLANG_WARN_OBJC_LITERAL_CONVERSION = YES;
				CLANG_WARN_OBJC_ROOT_CLASS = YES_ERROR;
				CLANG_WARN_QUOTED_INCLUDE_IN_FRAMEWORK_HEADER = YES;
				CLANG_WARN_RANGE_LOOP_ANALYSIS = YES;
				CLANG_WARN_STRICT_PROTOTYPES = YES;
				CLANG_WARN_SUSPICIOUS_MOVE = YES;
				CLANG_WARN_UNGUARDED_AVAILABILITY = YES_AGGRESSIVE;
				CLANG_WARN_UNREACHABLE_CODE = YES;
				CLANG_WARN__DUPLICATE_METHOD_MATCH = YES;
				COPY_PHASE_STRIP = NO;
				DEBUG_INFORMATION_FORMAT = dwarf;
				ENABLE_STRICT_OBJC_MSGSEND = YES;
				ENABLE_TESTABILITY = YES;
				ENABLE_USER_SCRIPT_SANDBOXING = YES;
				GCC_C_LANGUAGE_STANDARD = gnu17;
				GCC_DYNAMIC_NO_PIC = NO;
				GCC_NO_COMMON_BLOCKS = YES;
				GCC_OPTIMIZATION_LEVEL = 0;
				GCC_PREPROCESSOR_DEFINITIONS = (
					"DEBUG=1",
					"$(inherited)",
				);
				GCC_WARN_64_TO_32_BIT_CONVERSION = YES;
				GCC_WARN_ABOUT_RETURN_TYPE = YES_ERROR;
				GCC_WARN_UNDECLARED_SELECTOR = YES;
				GCC_WARN_UNINITIALIZED_AUTOS = YES_AGGRESSIVE;
				GCC_WARN_UNUSED_FUNCTION = YES;
				GCC_WARN_UNUSED_VARIABLE = YES;
				IPHONEOS_DEPLOYMENT_TARGET = 18.0;
				LOCALIZATION_PREFERS_STRING_CATALOGS = YES;
				MTL_ENABLE_DEBUG_INFO = INCLUDE_SOURCE;
				MTL_FAST_MATH = YES;
				ONLY_ACTIVE_ARCH = YES;
				SDKROOT = iphoneos;
				SWIFT_ACTIVE_COMPILATION_CONDITIONS = "DEBUG $(inherited)";
				SWIFT_OPTIMIZATION_LEVEL = "-Onone";
			};
			name = Debug;
		};
		DD72D73D2CBA26AA008251DF /* Release */ = {
			isa = XCBuildConfiguration;
			buildSettings = {
				ALWAYS_SEARCH_USER_PATHS = NO;
				ASSETCATALOG_COMPILER_GENERATE_SWIFT_ASSET_SYMBOL_EXTENSIONS = YES;
				CLANG_ANALYZER_NONNULL = YES;
				CLANG_ANALYZER_NUMBER_OBJECT_CONVERSION = YES_AGGRESSIVE;
				CLANG_CXX_LANGUAGE_STANDARD = "gnu++20";
				CLANG_ENABLE_MODULES = YES;
				CLANG_ENABLE_OBJC_ARC = YES;
				CLANG_ENABLE_OBJC_WEAK = YES;
				CLANG_WARN_BLOCK_CAPTURE_AUTORELEASING = YES;
				CLANG_WARN_BOOL_CONVERSION = YES;
				CLANG_WARN_COMMA = YES;
				CLANG_WARN_CONSTANT_CONVERSION = YES;
				CLANG_WARN_DEPRECATED_OBJC_IMPLEMENTATIONS = YES;
				CLANG_WARN_DIRECT_OBJC_ISA_USAGE = YES_ERROR;
				CLANG_WARN_DOCUMENTATION_COMMENTS = YES;
				CLANG_WARN_EMPTY_BODY = YES;
				CLANG_WARN_ENUM_CONVERSION = YES;
				CLANG_WARN_INFINITE_RECURSION = YES;
				CLANG_WARN_INT_CONVERSION = YES;
				CLANG_WARN_NON_LITERAL_NULL_CONVERSION = YES;
				CLANG_WARN_OBJC_IMPLICIT_RETAIN_SELF = YES;
				CLANG_WARN_OBJC_LITERAL_CONVERSION = YES;
				CLANG_WARN_OBJC_ROOT_CLASS = YES_ERROR;
				CLANG_WARN_QUOTED_INCLUDE_IN_FRAMEWORK_HEADER = YES;
				CLANG_WARN_RANGE_LOOP_ANALYSIS = YES;
				CLANG_WARN_STRICT_PROTOTYPES = YES;
				CLANG_WARN_SUSPICIOUS_MOVE = YES;
				CLANG_WARN_UNGUARDED_AVAILABILITY = YES_AGGRESSIVE;
				CLANG_WARN_UNREACHABLE_CODE = YES;
				CLANG_WARN__DUPLICATE_METHOD_MATCH = YES;
				COPY_PHASE_STRIP = NO;
				DEBUG_INFORMATION_FORMAT = "dwarf-with-dsym";
				ENABLE_NS_ASSERTIONS = NO;
				ENABLE_STRICT_OBJC_MSGSEND = YES;
				ENABLE_USER_SCRIPT_SANDBOXING = YES;
				GCC_C_LANGUAGE_STANDARD = gnu17;
				GCC_NO_COMMON_BLOCKS = YES;
				GCC_WARN_64_TO_32_BIT_CONVERSION = YES;
				GCC_WARN_ABOUT_RETURN_TYPE = YES_ERROR;
				GCC_WARN_UNDECLARED_SELECTOR = YES;
				GCC_WARN_UNINITIALIZED_AUTOS = YES_AGGRESSIVE;
				GCC_WARN_UNUSED_FUNCTION = YES;
				GCC_WARN_UNUSED_VARIABLE = YES;
				IPHONEOS_DEPLOYMENT_TARGET = 18.0;
				LOCALIZATION_PREFERS_STRING_CATALOGS = YES;
				MTL_ENABLE_DEBUG_INFO = NO;
				MTL_FAST_MATH = YES;
				SDKROOT = iphoneos;
				SWIFT_COMPILATION_MODE = wholemodule;
				VALIDATE_PRODUCT = YES;
			};
			name = Release;
		};
		DD72D73F2CBA26AA008251DF /* Debug */ = {
			isa = XCBuildConfiguration;
			buildSettings = {
				ASSETCATALOG_COMPILER_APPICON_NAME = AppIcon;
				ASSETCATALOG_COMPILER_GLOBAL_ACCENT_COLOR_NAME = AccentColor;
				CODE_SIGN_STYLE = Automatic;
				CURRENT_PROJECT_VERSION = 1;
				DEVELOPMENT_ASSET_PATHS = "\"MBTITest/Preview Content\"";
				DEVELOPMENT_TEAM = XVHGY9LC69;
				ENABLE_PREVIEWS = YES;
				GENERATE_INFOPLIST_FILE = YES;
				INFOPLIST_KEY_UIApplicationSceneManifest_Generation = YES;
				INFOPLIST_KEY_UIApplicationSupportsIndirectInputEvents = YES;
				INFOPLIST_KEY_UILaunchScreen_Generation = YES;
				INFOPLIST_KEY_UISupportedInterfaceOrientations_iPad = "UIInterfaceOrientationPortrait UIInterfaceOrientationPortraitUpsideDown UIInterfaceOrientationLandscapeLeft UIInterfaceOrientationLandscapeRight";
				INFOPLIST_KEY_UISupportedInterfaceOrientations_iPhone = "UIInterfaceOrientationPortrait UIInterfaceOrientationLandscapeLeft UIInterfaceOrientationLandscapeRight";
				LD_RUNPATH_SEARCH_PATHS = (
					"$(inherited)",
					"@executable_path/Frameworks",
				);
				MARKETING_VERSION = 1.0;
				PRODUCT_BUNDLE_IDENTIFIER = Kang.MBTITest;
				PRODUCT_NAME = "$(TARGET_NAME)";
				SWIFT_EMIT_LOC_STRINGS = YES;
				SWIFT_VERSION = 5.0;
				TARGETED_DEVICE_FAMILY = "1,2";
			};
			name = Debug;
		};
		DD72D7402CBA26AA008251DF /* Release */ = {
			isa = XCBuildConfiguration;
			buildSettings = {
				ASSETCATALOG_COMPILER_APPICON_NAME = AppIcon;
				ASSETCATALOG_COMPILER_GLOBAL_ACCENT_COLOR_NAME = AccentColor;
				CODE_SIGN_STYLE = Automatic;
				CURRENT_PROJECT_VERSION = 1;
				DEVELOPMENT_ASSET_PATHS = "\"MBTITest/Preview Content\"";
				DEVELOPMENT_TEAM = XVHGY9LC69;
				ENABLE_PREVIEWS = YES;
				GENERATE_INFOPLIST_FILE = YES;
				INFOPLIST_KEY_UIApplicationSceneManifest_Generation = YES;
				INFOPLIST_KEY_UIApplicationSupportsIndirectInputEvents = YES;
				INFOPLIST_KEY_UILaunchScreen_Generation = YES;
				INFOPLIST_KEY_UISupportedInterfaceOrientations_iPad = "UIInterfaceOrientationPortrait UIInterfaceOrientationPortraitUpsideDown UIInterfaceOrientationLandscapeLeft UIInterfaceOrientationLandscapeRight";
				INFOPLIST_KEY_UISupportedInterfaceOrientations_iPhone = "UIInterfaceOrientationPortrait UIInterfaceOrientationLandscapeLeft UIInterfaceOrientationLandscapeRight";
				LD_RUNPATH_SEARCH_PATHS = (
					"$(inherited)",
					"@executable_path/Frameworks",
				);
				MARKETING_VERSION = 1.0;
				PRODUCT_BUNDLE_IDENTIFIER = Kang.MBTITest;
				PRODUCT_NAME = "$(TARGET_NAME)";
				SWIFT_EMIT_LOC_STRINGS = YES;
				SWIFT_VERSION = 5.0;
				TARGETED_DEVICE_FAMILY = "1,2";
			};
			name = Release;
		};
/* End XCBuildConfiguration section */

/* Begin XCConfigurationList section */
		DD72D72B2CBA26A9008251DF /* Build configuration list for PBXProject "MBTITest" */ = {
			isa = XCConfigurationList;
			buildConfigurations = (
				DD72D73C2CBA26AA008251DF /* Debug */,
				DD72D73D2CBA26AA008251DF /* Release */,
			);
			defaultConfigurationIsVisible = 0;
			defaultConfigurationName = Release;
		};
		DD72D73E2CBA26AA008251DF /* Build configuration list for PBXNativeTarget "MBTITest" */ = {
			isa = XCConfigurationList;
			buildConfigurations = (
				DD72D73F2CBA26AA008251DF /* Debug */,
				DD72D7402CBA26AA008251DF /* Release */,
			);
			defaultConfigurationIsVisible = 0;
			defaultConfigurationName = Release;
		};
/* End XCConfigurationList section */

/* Begin XCRemoteSwiftPackageReference section */
		DD72D75C2CBA3720008251DF /* XCRemoteSwiftPackageReference "Alamofire" */ = {
			isa = XCRemoteSwiftPackageReference;
			repositoryURL = "https://github.com/Alamofire/Alamofire";
			requirement = {
				kind = upToNextMajorVersion;
				minimumVersion = 5.9.1;
			};
		};
		DD72D76F2CBA59E7008251DF /* XCRemoteSwiftPackageReference "ZKComponents" */ = {
			isa = XCRemoteSwiftPackageReference;
			repositoryURL = "https://github.com/LeiZiKang/ZKComponents.git";
			requirement = {
				kind = upToNextMajorVersion;
				minimumVersion = 3.1.0;
			};
		};
		DD72D7832CBA683C008251DF /* XCRemoteSwiftPackageReference "SwiftUIIntrospect" */ = {
			isa = XCRemoteSwiftPackageReference;
			repositoryURL = "https://github.com/SeifeddineMeddeb/SwiftUIIntrospect";
			requirement = {
				branch = main;
				kind = branch;
			};
		};
		DD72D78A2CBABA26008251DF /* XCRemoteSwiftPackageReference "generative-ai-swift" */ = {
			isa = XCRemoteSwiftPackageReference;
			repositoryURL = "https://github.com/google/generative-ai-swift";
			requirement = {
				kind = upToNextMajorVersion;
				minimumVersion = 0.5.6;
			};
		};
/* End XCRemoteSwiftPackageReference section */

/* Begin XCSwiftPackageProductDependency section */
		DD72D75D2CBA3720008251DF /* Alamofire */ = {
			isa = XCSwiftPackageProductDependency;
			package = DD72D75C2CBA3720008251DF /* XCRemoteSwiftPackageReference "Alamofire" */;
			productName = Alamofire;
		};
		DD72D7702CBA59E7008251DF /* ZKCompoments */ = {
			isa = XCSwiftPackageProductDependency;
			package = DD72D76F2CBA59E7008251DF /* XCRemoteSwiftPackageReference "ZKComponents" */;
			productName = ZKCompoments;
		};
		DD72D7842CBA683C008251DF /* SwiftUIIntrospect */ = {
			isa = XCSwiftPackageProductDependency;
			package = DD72D7832CBA683C008251DF /* XCRemoteSwiftPackageReference "SwiftUIIntrospect" */;
			productName = SwiftUIIntrospect;
		};
		DD72D7882CBA683C008251DF /* SwiftUIIntrospect-Static */ = {
			isa = XCSwiftPackageProductDependency;
			package = DD72D7832CBA683C008251DF /* XCRemoteSwiftPackageReference "SwiftUIIntrospect" */;
			productName = "SwiftUIIntrospect-Static";
		};
		DD72D78B2CBABA26008251DF /* GoogleGenerativeAI */ = {
			isa = XCSwiftPackageProductDependency;
			package = DD72D78A2CBABA26008251DF /* XCRemoteSwiftPackageReference "generative-ai-swift" */;
			productName = GoogleGenerativeAI;
		};
/* End XCSwiftPackageProductDependency section */
	};
	rootObject = DD72D7282CBA26A9008251DF /* Project object */;
}
