{
  "originHash" : "5fef00aa871909aed56359217e7b3e5c0e8ac447079f12b9e50def9b156e6a19",
  "pins" : [
    {
      "identity" : "alamofire",
      "kind" : "remoteSourceControl",
      "location" : "https://github.com/Alamofire/Alamofire",
      "state" : {
        "revision" : "f455c2975872ccd2d9c81594c658af65716e9b9a",
        "version" : "5.9.1"
      }
    },
    {
      "identity" : "generative-ai-swift",
      "kind" : "remoteSourceControl",
      "location" : "https://github.com/google/generative-ai-swift",
      "state" : {
        "revision" : "44b8ce120425f9cf53ca756f3434ca2c2696f8bd",
        "version" : "0.5.6"
      }
    },
    {
      "identity" : "objectmapper",
      "kind" : "remoteSourceControl",
      "location" : "https://github.com/tristanhimmelman/ObjectMapper",
      "state" : {
        "revision" : "6021c6035e83a306047348666f6400dc61445d3b",
        "version" : "4.4.3"
      }
    },
    {
      "identity" : "swiftuiintrospect",
      "kind" : "remoteSourceControl",
      "location" : "https://github.com/SeifeddineMeddeb/SwiftUIIntrospect",
      "state" : {
        "branch" : "main",
        "revision" : "e03d4ed33d614dd2438e14e53f40f202f5ae4fa0"
      }
    },
    {
      "identity" : "swiftyjson",
      "kind" : "remoteSourceControl",
      "location" : "https://github.com/SwiftyJSON/SwiftyJSON.git",
      "state" : {
        "revision" : "af76cf3ef710b6ca5f8c05f3a31307d44a3c5828",
        "version" : "5.0.2"
      }
    },
    {
      "identity" : "zkcomponents",
      "kind" : "remoteSourceControl",
      "location" : "https://github.com/LeiZiKang/ZKComponents.git",
      "state" : {
        "revision" : "2f38995b8ddb4c1bde3ff2796224a238bf48bbef",
        "version" : "3.1.0"
      }
    }
  ],
  "version" : 3
}
