{
  "originHash" : "dc744483ef98426fa35dab46f350f2c72b921844b905ddf8789ee82184e72a65",
  "pins" : [
    {
      "identity" : "alamofire",
      "kind" : "remoteSourceControl",
      "location" : "https://github.com/Alamofire/Alamofire",
      "state" : {
        "revision" : "f455c2975872ccd2d9c81594c658af65716e9b9a",
        "version" : "5.9.1"
      }
    },
    {
      "identity" : "generative-ai-swift",
      "kind" : "remoteSourceControl",
      "location" : "https://github.com/google/generative-ai-swift",
      "state" : {
        "revision" : "44b8ce120425f9cf53ca756f3434ca2c2696f8bd",
        "version" : "0.5.6"
      }
    },
    {
      "identity" : "swiftuiintrospect",
      "kind" : "remoteSourceControl",
      "location" : "https://github.com/SeifeddineMeddeb/SwiftUIIntrospect",
      "state" : {
        "branch" : "main",
        "revision" : "e03d4ed33d614dd2438e14e53f40f202f5ae4fa0"
      }
    },
    {
      "identity" : "zkcomponents",
      "kind" : "remoteSourceControl",
      "location" : "https://github.com/LeiZiKang/ZKComponents.git",
      "state" : {
        "revision" : "2f38995b8ddb4c1bde3ff2796224a238bf48bbef",
        "version" : "3.1.0"
      }
    }
  ],
  "version" : 3
}
